
Microsoft Visual Studio Solution File, Format Version 12.00
# Visual Studio 15
VisualStudioVersion = 15.0.27004.2010
MinimumVisualStudioVersion = 10.0.40219.1
Project("{FAE04EC0-301F-11D3-BF4B-00C04F79EFBC}") = "RotMGRewardCollect", "RotMGRewardCollect\RotMGRewardCollect.csproj", "{A3A029A6-F3C0-4CFD-A15C-27BD6D50F7C3}"
EndProject
Global
	GlobalSection(SolutionConfigurationPlatforms) = preSolution
		Debug|Any CPU = Debug|Any CPU
		Release|Any CPU = Release|Any CPU
	EndGlobalSection
	GlobalSection(ProjectConfigurationPlatforms) = postSolution
		{A3A029A6-F3C0-4CFD-A15C-27BD6D50F7C3}.Debug|Any CPU.ActiveCfg = Debug|Any CPU
		{A3A029A6-F3C0-4CFD-A15C-27BD6D50F7C3}.Debug|Any CPU.Build.0 = Debug|Any CPU
		{A3A029A6-F3C0-4CFD-A15C-27BD6D50F7C3}.Release|Any CPU.ActiveCfg = Release|Any CPU
		{A3A029A6-F3C0-4CFD-A15C-27BD6D50F7C3}.Release|Any CPU.Build.0 = Release|Any CPU
	EndGlobalSection
	GlobalSection(SolutionProperties) = preSolution
		HideSolutionNode = FALSE
	EndGlobalSection
	GlobalSection(ExtensibilityGlobals) = postSolution
		SolutionGuid = {3233CA85-8227-493C-AB02-7787478040B9}
	EndGlobalSection
EndGlobal
